
Microsoft Visual Studio Solution File, Format Version 12.00
# Visual Studio Version 17
VisualStudioVersion = 17.0.31903.59
MinimumVisualStudioVersion = 10.0.40219.1
Project("{FAE04EC0-301F-11D3-BF4B-00C04F79EFBC}") = "Rightsize", "Rightsize\Rightsize.csproj", "{070214D5-9443-405E-B00E-B37C847946C0}"
EndProject
Project("{FAE04EC0-301F-11D3-BF4B-00C04F79EFBC}") = "ChangeString", "ChangeString\ChangeString.csproj", "{509EC8AB-9C1B-40B1-86E3-7AA5D48D7331}"
EndProject
Project("{FAE04EC0-301F-11D3-BF4B-00C04F79EFBC}") = "ArrayMul", "ArrayMul\ArrayMul.csproj", "{AADA0491-C69F-4782-AA98-09B686F2D1D8}"
EndProject
Project("{FAE04EC0-301F-11D3-BF4B-00C04F79EFBC}") = "HeroPerk", "HeroPerk\HeroPerk.csproj", "{EB59E5C7-ECA5-42C6-89C5-D64631268332}"
EndProject
Project("{FAE04EC0-301F-11D3-BF4B-00C04F79EFBC}") = "Pow2Until", "Pow2Until\Pow2Until.csproj", "{55000989-6396-45A9-9001-261AA8103B87}"
EndProject
Project("{FAE04EC0-301F-11D3-BF4B-00C04F79EFBC}") = "FamousQuotes", "FamousQuotes\FamousQuotes.csproj", "{7A4FA599-BBBA-4B20-BACE-8BE7A8A9022D}"
EndProject
Project("{FAE04EC0-301F-11D3-BF4B-00C04F79EFBC}") = "RoPaSci", "RoPaSci\RoPaSci.csproj", "{57616C80-511F-4D2F-B1C3-46BD9C1552ED}"
EndProject
Project("{FAE04EC0-301F-11D3-BF4B-00C04F79EFBC}") = "TrapAnalyzer", "TrapAnalyzer\TrapAnalyzer.csproj", "{0731708D-3A2F-40B8-B8BB-FC093219B892}"
EndProject
Global
	GlobalSection(SolutionConfigurationPlatforms) = preSolution
		Debug|Any CPU = Debug|Any CPU
		Release|Any CPU = Release|Any CPU
	EndGlobalSection
	GlobalSection(SolutionProperties) = preSolution
		HideSolutionNode = FALSE
	EndGlobalSection
	GlobalSection(ProjectConfigurationPlatforms) = postSolution
		{070214D5-9443-405E-B00E-B37C847946C0}.Debug|Any CPU.ActiveCfg = Debug|Any CPU
		{070214D5-9443-405E-B00E-B37C847946C0}.Debug|Any CPU.Build.0 = Debug|Any CPU
		{070214D5-9443-405E-B00E-B37C847946C0}.Release|Any CPU.ActiveCfg = Release|Any CPU
		{070214D5-9443-405E-B00E-B37C847946C0}.Release|Any CPU.Build.0 = Release|Any CPU
		{509EC8AB-9C1B-40B1-86E3-7AA5D48D7331}.Debug|Any CPU.ActiveCfg = Debug|Any CPU
		{509EC8AB-9C1B-40B1-86E3-7AA5D48D7331}.Debug|Any CPU.Build.0 = Debug|Any CPU
		{509EC8AB-9C1B-40B1-86E3-7AA5D48D7331}.Release|Any CPU.ActiveCfg = Release|Any CPU
		{509EC8AB-9C1B-40B1-86E3-7AA5D48D7331}.Release|Any CPU.Build.0 = Release|Any CPU
		{AADA0491-C69F-4782-AA98-09B686F2D1D8}.Debug|Any CPU.ActiveCfg = Debug|Any CPU
		{AADA0491-C69F-4782-AA98-09B686F2D1D8}.Debug|Any CPU.Build.0 = Debug|Any CPU
		{AADA0491-C69F-4782-AA98-09B686F2D1D8}.Release|Any CPU.ActiveCfg = Release|Any CPU
		{AADA0491-C69F-4782-AA98-09B686F2D1D8}.Release|Any CPU.Build.0 = Release|Any CPU
		{EB59E5C7-ECA5-42C6-89C5-D64631268332}.Debug|Any CPU.ActiveCfg = Debug|Any CPU
		{EB59E5C7-ECA5-42C6-89C5-D64631268332}.Debug|Any CPU.Build.0 = Debug|Any CPU
		{EB59E5C7-ECA5-42C6-89C5-D64631268332}.Release|Any CPU.ActiveCfg = Release|Any CPU
		{EB59E5C7-ECA5-42C6-89C5-D64631268332}.Release|Any CPU.Build.0 = Release|Any CPU
		{55000989-6396-45A9-9001-261AA8103B87}.Debug|Any CPU.ActiveCfg = Debug|Any CPU
		{55000989-6396-45A9-9001-261AA8103B87}.Debug|Any CPU.Build.0 = Debug|Any CPU
		{55000989-6396-45A9-9001-261AA8103B87}.Release|Any CPU.ActiveCfg = Release|Any CPU
		{55000989-6396-45A9-9001-261AA8103B87}.Release|Any CPU.Build.0 = Release|Any CPU
		{7A4FA599-BBBA-4B20-BACE-8BE7A8A9022D}.Debug|Any CPU.ActiveCfg = Debug|Any CPU
		{7A4FA599-BBBA-4B20-BACE-8BE7A8A9022D}.Debug|Any CPU.Build.0 = Debug|Any CPU
		{7A4FA599-BBBA-4B20-BACE-8BE7A8A9022D}.Release|Any CPU.ActiveCfg = Release|Any CPU
		{7A4FA599-BBBA-4B20-BACE-8BE7A8A9022D}.Release|Any CPU.Build.0 = Release|Any CPU
		{57616C80-511F-4D2F-B1C3-46BD9C1552ED}.Debug|Any CPU.ActiveCfg = Debug|Any CPU
		{57616C80-511F-4D2F-B1C3-46BD9C1552ED}.Debug|Any CPU.Build.0 = Debug|Any CPU
		{57616C80-511F-4D2F-B1C3-46BD9C1552ED}.Release|Any CPU.ActiveCfg = Release|Any CPU
		{57616C80-511F-4D2F-B1C3-46BD9C1552ED}.Release|Any CPU.Build.0 = Release|Any CPU
		{0731708D-3A2F-40B8-B8BB-FC093219B892}.Debug|Any CPU.ActiveCfg = Debug|Any CPU
		{0731708D-3A2F-40B8-B8BB-FC093219B892}.Debug|Any CPU.Build.0 = Debug|Any CPU
		{0731708D-3A2F-40B8-B8BB-FC093219B892}.Release|Any CPU.ActiveCfg = Release|Any CPU
		{0731708D-3A2F-40B8-B8BB-FC093219B892}.Release|Any CPU.Build.0 = Release|Any CPU
	EndGlobalSection
EndGlobal
